// !$*UTF8*$!
{
	archiveVersion = 1;
	classes = {
	};
	objectVersion = 48;
	objects = {

/* Begin PBXBuildFile section */
		3F6A613A1F9790B300FFB522 /* AppDelegate.swift in Sources */ = {isa = PBXBuildFile; fileRef = 3F6A61391F9790B300FFB522 /* AppDelegate.swift */; };
		3F6A613C1F9790B300FFB522 /* WelcomeVC.swift in Sources */ = {isa = PBXBuildFile; fileRef = 3F6A613B1F9790B300FFB522 /* WelcomeVC.swift */; };
		3F6A613F1F9790B300FFB522 /* Main.storyboard in Resources */ = {isa = PBXBuildFile; fileRef = 3F6A613D1F9790B300FFB522 /* Main.storyboard */; };
		3F6A61411F9790B300FFB522 /* Assets.xcassets in Resources */ = {isa = PBXBuildFile; fileRef = 3F6A61401F9790B300FFB522 /* Assets.xcassets */; };
		3F6A61441F9790B300FFB522 /* LaunchScreen.storyboard in Resources */ = {isa = PBXBuildFile; fileRef = 3F6A61421F9790B300FFB522 /* LaunchScreen.storyboard */; };
		3F6A614D1F97993800FFB522 /* BorderButton.swift in Sources */ = {isa = PBXBuildFile; fileRef = 3F6A614C1F97993800FFB522 /* BorderButton.swift */; };
		3F6A61511F97DAD200FFB522 /* LeagueVC.swift in Sources */ = {isa = PBXBuildFile; fileRef = 3F6A61501F97DAD200FFB522 /* LeagueVC.swift */; };
		3F6A61531F97DAE100FFB522 /* SkillVC.swift in Sources */ = {isa = PBXBuildFile; fileRef = 3F6A61521F97DAE100FFB522 /* SkillVC.swift */; };
		3F6A61551F97E51B00FFB522 /* Player.swift in Sources */ = {isa = PBXBuildFile; fileRef = 3F6A61541F97E51B00FFB522 /* Player.swift */; };
/* End PBXBuildFile section */

/* Begin PBXFileReference section */
		3F6A61361F9790B300FFB522 /* trialapp.app */ = {isa = PBXFileReference; explicitFileType = wrapper.application; includeInIndex = 0; path = trialapp.app; sourceTree = BUILT_PRODUCTS_DIR; };
		3F6A61391F9790B300FFB522 /* AppDelegate.swift */ = {isa = PBXFileReference; lastKnownFileType = sourcecode.swift; path = AppDelegate.swift; sourceTree = "<group>"; };
		3F6A613B1F9790B300FFB522 /* WelcomeVC.swift */ = {isa = PBXFileReference; lastKnownFileType = sourcecode.swift; path = WelcomeVC.swift; sourceTree = "<group>"; };
		3F6A613E1F9790B300FFB522 /* Base */ = {isa = PBXFileReference; lastKnownFileType = file.storyboard; name = Base; path = Base.lproj/Main.storyboard; sourceTree = "<group>"; };
		3F6A61401F9790B300FFB522 /* Assets.xcassets */ = {isa = PBXFileReference; lastKnownFileType = folder.assetcatalog; path = Assets.xcassets; sourceTree = "<group>"; };
		3F6A61431F9790B300FFB522 /* Base */ = {isa = PBXFileReference; lastKnownFileType = file.storyboard; name = Base; path = Base.lproj/LaunchScreen.storyboard; sourceTree = "<group>"; };
		3F6A61451F9790B300FFB522 /* Info.plist */ = {isa = PBXFileReference; lastKnownFileType = text.plist.xml; path = Info.plist; sourceTree = "<group>"; };
		3F6A614C1F97993800FFB522 /* BorderButton.swift */ = {isa = PBXFileReference; lastKnownFileType = sourcecode.swift; path = BorderButton.swift; sourceTree = "<group>"; };
		3F6A61501F97DAD200FFB522 /* LeagueVC.swift */ = {isa = PBXFileReference; lastKnownFileType = sourcecode.swift; path = LeagueVC.swift; sourceTree = "<group>"; };
		3F6A61521F97DAE100FFB522 /* SkillVC.swift */ = {isa = PBXFileReference; lastKnownFileType = sourcecode.swift; path = SkillVC.swift; sourceTree = "<group>"; };
		3F6A61541F97E51B00FFB522 /* Player.swift */ = {isa = PBXFileReference; lastKnownFileType = sourcecode.swift; path = Player.swift; sourceTree = "<group>"; };
/* End PBXFileReference section */

/* Begin PBXFrameworksBuildPhase section */
		3F6A61331F9790B200FFB522 /* Frameworks */ = {
			isa = PBXFrameworksBuildPhase;
			buildActionMask = 2147483647;
			files = (
			);
			runOnlyForDeploymentPostprocessing = 0;
		};
/* End PBXFrameworksBuildPhase section */

/* Begin PBXGroup section */
		3F6A612D1F9790B200FFB522 = {
			isa = PBXGroup;
			children = (
				3F6A61381F9790B300FFB522 /* trialapp */,
				3F6A61371F9790B300FFB522 /* Products */,
			);
			sourceTree = "<group>";
		};
		3F6A61371F9790B300FFB522 /* Products */ = {
			isa = PBXGroup;
			children = (
				3F6A61361F9790B300FFB522 /* trialapp.app */,
			);
			name = Products;
			sourceTree = "<group>";
		};
		3F6A61381F9790B300FFB522 /* trialapp */ = {
			isa = PBXGroup;
			children = (
				3F6A614F1F97D9B700FFB522 /* Model */,
				3F6A614E1F97D9A000FFB522 /* Controller */,
				3F6A614B1F9798B800FFB522 /* View */,
				3F6A61391F9790B300FFB522 /* AppDelegate.swift */,
				3F6A613D1F9790B300FFB522 /* Main.storyboard */,
				3F6A61401F9790B300FFB522 /* Assets.xcassets */,
				3F6A61421F9790B300FFB522 /* LaunchScreen.storyboard */,
				3F6A61451F9790B300FFB522 /* Info.plist */,
			);
			path = trialapp;
			sourceTree = "<group>";
		};
		3F6A614B1F9798B800FFB522 /* View */ = {
			isa = PBXGroup;
			children = (
				3F6A614C1F97993800FFB522 /* BorderButton.swift */,
			);
			path = View;
			sourceTree = "<group>";
		};
		3F6A614E1F97D9A000FFB522 /* Controller */ = {
			isa = PBXGroup;
			children = (
				3F6A613B1F9790B300FFB522 /* WelcomeVC.swift */,
				3F6A61501F97DAD200FFB522 /* LeagueVC.swift */,
				3F6A61521F97DAE100FFB522 /* SkillVC.swift */,
			);
			path = Controller;
			sourceTree = "<group>";
		};
		3F6A614F1F97D9B700FFB522 /* Model */ = {
			isa = PBXGroup;
			children = (
				3F6A61541F97E51B00FFB522 /* Player.swift */,
			);
			path = Model;
			sourceTree = "<group>";
		};
/* End PBXGroup section */

/* Begin PBXNativeTarget section */
		3F6A61351F9790B200FFB522 /* trialapp */ = {
			isa = PBXNativeTarget;
			buildConfigurationList = 3F6A61481F9790B300FFB522 /* Build configuration list for PBXNativeTarget "trialapp" */;
			buildPhases = (
				3F6A61321F9790B200FFB522 /* Sources */,
				3F6A61331F9790B200FFB522 /* Frameworks */,
				3F6A61341F9790B200FFB522 /* Resources */,
			);
			buildRules = (
			);
			dependencies = (
			);
			name = trialapp;
			productName = trialapp;
			productReference = 3F6A61361F9790B300FFB522 /* trialapp.app */;
			productType = "com.apple.product-type.application";
		};
/* End PBXNativeTarget section */

/* Begin PBXProject section */
		3F6A612E1F9790B200FFB522 /* Project object */ = {
			isa = PBXProject;
			attributes = {
				LastSwiftUpdateCheck = 0900;
				LastUpgradeCheck = 0900;
				ORGANIZATIONNAME = "Bibhuranjan Bihari";
				TargetAttributes = {
					3F6A61351F9790B200FFB522 = {
						CreatedOnToolsVersion = 9.0;
						ProvisioningStyle = Automatic;
					};
				};
			};
			buildConfigurationList = 3F6A61311F9790B200FFB522 /* Build configuration list for PBXProject "trialapp" */;
			compatibilityVersion = "Xcode 8.0";
			developmentRegion = en;
			hasScannedForEncodings = 0;
			knownRegions = (
				en,
				Base,
			);
			mainGroup = 3F6A612D1F9790B200FFB522;
			productRefGroup = 3F6A61371F9790B300FFB522 /* Products */;
			projectDirPath = "";
			projectRoot = "";
			targets = (
				3F6A61351F9790B200FFB522 /* trialapp */,
			);
		};
/* End PBXProject section */

/* Begin PBXResourcesBuildPhase section */
		3F6A61341F9790B200FFB522 /* Resources */ = {
			isa = PBXResourcesBuildPhase;
			buildActionMask = 2147483647;
			files = (
				3F6A61441F9790B300FFB522 /* LaunchScreen.storyboard in Resources */,
				3F6A61411F9790B300FFB522 /* Assets.xcassets in Resources */,
				3F6A613F1F9790B300FFB522 /* Main.storyboard in Resources */,
			);
			runOnlyForDeploymentPostprocessing = 0;
		};
/* End PBXResourcesBuildPhase section */

/* Begin PBXSourcesBuildPhase section */
		3F6A61321F9790B200FFB522 /* Sources */ = {
			isa = PBXSourcesBuildPhase;
			buildActionMask = 2147483647;
			files = (
				3F6A613C1F9790B300FFB522 /* WelcomeVC.swift in Sources */,
				3F6A61511F97DAD200FFB522 /* LeagueVC.swift in Sources */,
				3F6A613A1F9790B300FFB522 /* AppDelegate.swift in Sources */,
				3F6A61531F97DAE100FFB522 /* SkillVC.swift in Sources */,
				3F6A61551F97E51B00FFB522 /* Player.swift in Sources */,
				3F6A614D1F97993800FFB522 /* BorderButton.swift in Sources */,
			);
			runOnlyForDeploymentPostprocessing = 0;
		};
/* End PBXSourcesBuildPhase section */

/* Begin PBXVariantGroup section */
		3F6A613D1F9790B300FFB522 /* Main.storyboard */ = {
			isa = PBXVariantGroup;
			children = (
				3F6A613E1F9790B300FFB522 /* Base */,
			);
			name = Main.storyboard;
			sourceTree = "<group>";
		};
		3F6A61421F9790B300FFB522 /* LaunchScreen.storyboard */ = {
			isa = PBXVariantGroup;
			children = (
				3F6A61431F9790B300FFB522 /* Base */,
			);
			name = LaunchScreen.storyboard;
			sourceTree = "<group>";
		};
/* End PBXVariantGroup section */

/* Begin XCBuildConfiguration section */
		3F6A61461F9790B300FFB522 /* Debug */ = {
			isa = XCBuildConfiguration;
			buildSettings = {
				ALWAYS_SEARCH_USER_PATHS = NO;
				CLANG_ANALYZER_NONNULL = YES;
				CLANG_ANALYZER_NUMBER_OBJECT_CONVERSION = YES_AGGRESSIVE;
				CLANG_CXX_LANGUAGE_STANDARD = "gnu++14";
				CLANG_CXX_LIBRARY = "libc++";
				CLANG_ENABLE_MODULES = YES;
				CLANG_ENABLE_OBJC_ARC = YES;
				CLANG_WARN_BLOCK_CAPTURE_AUTORELEASING = YES;
				CLANG_WARN_BOOL_CONVERSION = YES;
				CLANG_WARN_COMMA = YES;
				CLANG_WARN_CONSTANT_CONVERSION = YES;
				CLANG_WARN_DIRECT_OBJC_ISA_USAGE = YES_ERROR;
				CLANG_WARN_DOCUMENTATION_COMMENTS = YES;
				CLANG_WARN_EMPTY_BODY = YES;
				CLANG_WARN_ENUM_CONVERSION = YES;
				CLANG_WARN_INFINITE_RECURSION = YES;
				CLANG_WARN_INT_CONVERSION = YES;
				CLANG_WARN_NON_LITERAL_NULL_CONVERSION = YES;
				CLANG_WARN_OBJC_LITERAL_CONVERSION = YES;
				CLANG_WARN_OBJC_ROOT_CLASS = YES_ERROR;
				CLANG_WARN_RANGE_LOOP_ANALYSIS = YES;
				CLANG_WARN_STRICT_PROTOTYPES = YES;
				CLANG_WARN_SUSPICIOUS_MOVE = YES;
				CLANG_WARN_UNGUARDED_AVAILABILITY = YES_AGGRESSIVE;
				CLANG_WARN_UNREACHABLE_CODE = YES;
				CLANG_WARN__DUPLICATE_METHOD_MATCH = YES;
				CODE_SIGN_IDENTITY = "iPhone Developer";
				COPY_PHASE_STRIP = NO;
				DEBUG_INFORMATION_FORMAT = dwarf;
				ENABLE_STRICT_OBJC_MSGSEND = YES;
				ENABLE_TESTABILITY = YES;
				GCC_C_LANGUAGE_STANDARD = gnu11;
				GCC_DYNAMIC_NO_PIC = NO;
				GCC_NO_COMMON_BLOCKS = YES;
				GCC_OPTIMIZATION_LEVEL = 0;
				GCC_PREPROCESSOR_DEFINITIONS = (
					"DEBUG=1",
					"$(inherited)",
				);
				GCC_WARN_64_TO_32_BIT_CONVERSION = YES;
				GCC_WARN_ABOUT_RETURN_TYPE = YES_ERROR;
				GCC_WARN_UNDECLARED_SELECTOR = YES;
				GCC_WARN_UNINITIALIZED_AUTOS = YES_AGGRESSIVE;
				GCC_WARN_UNUSED_FUNCTION = YES;
				GCC_WARN_UNUSED_VARIABLE = YES;
				IPHONEOS_DEPLOYMENT_TARGET = 11.0;
				MTL_ENABLE_DEBUG_INFO = YES;
				ONLY_ACTIVE_ARCH = YES;
				SDKROOT = iphoneos;
				SWIFT_ACTIVE_COMPILATION_CONDITIONS = DEBUG;
				SWIFT_OPTIMIZATION_LEVEL = "-Onone";
			};
			name = Debug;
		};
		3F6A61471F9790B300FFB522 /* Release */ = {
			isa = XCBuildConfiguration;
			buildSettings = {
				ALWAYS_SEARCH_USER_PATHS = NO;
				CLANG_ANALYZER_NONNULL = YES;
				CLANG_ANALYZER_NUMBER_OBJECT_CONVERSION = YES_AGGRESSIVE;
				CLANG_CXX_LANGUAGE_STANDARD = "gnu++14";
				CLANG_CXX_LIBRARY = "libc++";
				CLANG_ENABLE_MODULES = YES;
				CLANG_ENABLE_OBJC_ARC = YES;
				CLANG_WARN_BLOCK_CAPTURE_AUTORELEASING = YES;
				CLANG_WARN_BOOL_CONVERSION = YES;
				CLANG_WARN_COMMA = YES;
				CLANG_WARN_CONSTANT_CONVERSION = YES;
				CLANG_WARN_DIRECT_OBJC_ISA_USAGE = YES_ERROR;
				CLANG_WARN_DOCUMENTATION_COMMENTS = YES;
				CLANG_WARN_EMPTY_BODY = YES;
				CLANG_WARN_ENUM_CONVERSION = YES;
				CLANG_WARN_INFINITE_RECURSION = YES;
				CLANG_WARN_INT_CONVERSION = YES;
				CLANG_WARN_NON_LITERAL_NULL_CONVERSION = YES;
				CLANG_WARN_OBJC_LITERAL_CONVERSION = YES;
				CLANG_WARN_OBJC_ROOT_CLASS = YES_ERROR;
				CLANG_WARN_RANGE_LOOP_ANALYSIS = YES;
				CLANG_WARN_STRICT_PROTOTYPES = YES;
				CLANG_WARN_SUSPICIOUS_MOVE = YES;
				CLANG_WARN_UNGUARDED_AVAILABILITY = YES_AGGRESSIVE;
				CLANG_WARN_UNREACHABLE_CODE = YES;
				CLANG_WARN__DUPLICATE_METHOD_MATCH = YES;
				CODE_SIGN_IDENTITY = "iPhone Developer";
				COPY_PHASE_STRIP = NO;
				DEBUG_INFORMATION_FORMAT = "dwarf-with-dsym";
				ENABLE_NS_ASSERTIONS = NO;
				ENABLE_STRICT_OBJC_MSGSEND = YES;
				GCC_C_LANGUAGE_STANDARD = gnu11;
				GCC_NO_COMMON_BLOCKS = YES;
				GCC_WARN_64_TO_32_BIT_CONVERSION = YES;
				GCC_WARN_ABOUT_RETURN_TYPE = YES_ERROR;
				GCC_WARN_UNDECLARED_SELECTOR = YES;
				GCC_WARN_UNINITIALIZED_AUTOS = YES_AGGRESSIVE;
				GCC_WARN_UNUSED_FUNCTION = YES;
				GCC_WARN_UNUSED_VARIABLE = YES;
				IPHONEOS_DEPLOYMENT_TARGET = 11.0;
				MTL_ENABLE_DEBUG_INFO = NO;
				SDKROOT = iphoneos;
				SWIFT_OPTIMIZATION_LEVEL = "-Owholemodule";
				VALIDATE_PRODUCT = YES;
			};
			name = Release;
		};
		3F6A61491F9790B300FFB522 /* Debug */ = {
			isa = XCBuildConfiguration;
			buildSettings = {
				ASSETCATALOG_COMPILER_APPICON_NAME = AppIcon;
				CODE_SIGN_STYLE = Automatic;
				DEVELOPMENT_TEAM = 94VZE37U2U;
				INFOPLIST_FILE = trialapp/Info.plist;
				LD_RUNPATH_SEARCH_PATHS = "$(inherited) @executable_path/Frameworks";
				PRODUCT_BUNDLE_IDENTIFIER = com.bibhu.test.trialapp;
				PRODUCT_NAME = "$(TARGET_NAME)";
				SWIFT_VERSION = 4.0;
				TARGETED_DEVICE_FAMILY = "1,2";
			};
			name = Debug;
		};
		3F6A614A1F9790B300FFB522 /* Release */ = {
			isa = XCBuildConfiguration;
			buildSettings = {
				ASSETCATALOG_COMPILER_APPICON_NAME = AppIcon;
				CODE_SIGN_STYLE = Automatic;
				DEVELOPMENT_TEAM = 94VZE37U2U;
				INFOPLIST_FILE = trialapp/Info.plist;
				LD_RUNPATH_SEARCH_PATHS = "$(inherited) @executable_path/Frameworks";
				PRODUCT_BUNDLE_IDENTIFIER = com.bibhu.test.trialapp;
				PRODUCT_NAME = "$(TARGET_NAME)";
				SWIFT_VERSION = 4.0;
				TARGETED_DEVICE_FAMILY = "1,2";
			};
			name = Release;
		};
/* End XCBuildConfiguration section */

/* Begin XCConfigurationList section */
		3F6A61311F9790B200FFB522 /* Build configuration list for PBXProject "trialapp" */ = {
			isa = XCConfigurationList;
			buildConfigurations = (
				3F6A61461F9790B300FFB522 /* Debug */,
				3F6A61471F9790B300FFB522 /* Release */,
			);
			defaultConfigurationIsVisible = 0;
			defaultConfigurationName = Release;
		};
		3F6A61481F9790B300FFB522 /* Build configuration list for PBXNativeTarget "trialapp" */ = {
			isa = XCConfigurationList;
			buildConfigurations = (
				3F6A61491F9790B300FFB522 /* Debug */,
				3F6A614A1F9790B300FFB522 /* Release */,
			);
			defaultConfigurationIsVisible = 0;
			defaultConfigurationName = Release;
		};
/* End XCConfigurationList section */
	};
	rootObject = 3F6A612E1F9790B200FFB522 /* Project object */;
}
